// !$*UTF8*$!
{
	archiveVersion = 1;
	classes = {
	};
	objectVersion = 46;
	objects = {

/* Begin PBXBuildFile section */
		FECC91B61D99608D008F87E4 /* AppDelegate.swift in Sources */ = {isa = PBXBuildFile; fileRef = FECC91B51D99608D008F87E4 /* AppDelegate.swift */; };
		FECC91B81D99608D008F87E4 /* ViewController.swift in Sources */ = {isa = PBXBuildFile; fileRef = FECC91B71D99608D008F87E4 /* ViewController.swift */; };
		FECC91BB1D99608D008F87E4 /* Main.storyboard in Resources */ = {isa = PBXBuildFile; fileRef = FECC91B91D99608D008F87E4 /* Main.storyboard */; };
		FECC91BD1D99608D008F87E4 /* Assets.xcassets in Resources */ = {isa = PBXBuildFile; fileRef = FECC91BC1D99608D008F87E4 /* Assets.xcassets */; };
		FECC91C01D99608D008F87E4 /* LaunchScreen.storyboard in Resources */ = {isa = PBXBuildFile; fileRef = FECC91BE1D99608D008F87E4 /* LaunchScreen.storyboard */; };
		FECC91CB1D99608D008F87E4 /* FirstIOSAppTests.swift in Sources */ = {isa = PBXBuildFile; fileRef = FECC91CA1D99608D008F87E4 /* FirstIOSAppTests.swift */; };
		FECC91D61D99608D008F87E4 /* FirstIOSAppUITests.swift in Sources */ = {isa = PBXBuildFile; fileRef = FECC91D51D99608D008F87E4 /* FirstIOSAppUITests.swift */; };
/* End PBXBuildFile section */

/* Begin PBXContainerItemProxy section */
		FECC91C71D99608D008F87E4 /* PBXContainerItemProxy */ = {
			isa = PBXContainerItemProxy;
			containerPortal = FECC91AA1D99608C008F87E4 /* Project object */;
			proxyType = 1;
			remoteGlobalIDString = FECC91B11D99608D008F87E4;
			remoteInfo = FirstIOSApp;
		};
		FECC91D21D99608D008F87E4 /* PBXContainerItemProxy */ = {
			isa = PBXContainerItemProxy;
			containerPortal = FECC91AA1D99608C008F87E4 /* Project object */;
			proxyType = 1;
			remoteGlobalIDString = FECC91B11D99608D008F87E4;
			remoteInfo = FirstIOSApp;
		};
/* End PBXContainerItemProxy section */

/* Begin PBXFileReference section */
		FECC91B21D99608D008F87E4 /* FirstIOSApp.app */ = {isa = PBXFileReference; explicitFileType = wrapper.application; includeInIndex = 0; path = FirstIOSApp.app; sourceTree = BUILT_PRODUCTS_DIR; };
		FECC91B51D99608D008F87E4 /* AppDelegate.swift */ = {isa = PBXFileReference; lastKnownFileType = sourcecode.swift; path = AppDelegate.swift; sourceTree = "<group>"; };
		FECC91B71D99608D008F87E4 /* ViewController.swift */ = {isa = PBXFileReference; lastKnownFileType = sourcecode.swift; path = ViewController.swift; sourceTree = "<group>"; };
		FECC91BA1D99608D008F87E4 /* Base */ = {isa = PBXFileReference; lastKnownFileType = file.storyboard; name = Base; path = Base.lproj/Main.storyboard; sourceTree = "<group>"; };
		FECC91BC1D99608D008F87E4 /* Assets.xcassets */ = {isa = PBXFileReference; lastKnownFileType = folder.assetcatalog; path = Assets.xcassets; sourceTree = "<group>"; };
		FECC91BF1D99608D008F87E4 /* Base */ = {isa = PBXFileReference; lastKnownFileType = file.storyboard; name = Base; path = Base.lproj/LaunchScreen.storyboard; sourceTree = "<group>"; };
		FECC91C11D99608D008F87E4 /* Info.plist */ = {isa = PBXFileReference; lastKnownFileType = text.plist.xml; path = Info.plist; sourceTree = "<group>"; };
		FECC91C61D99608D008F87E4 /* FirstIOSAppTests.xctest */ = {isa = PBXFileReference; explicitFileType = wrapper.cfbundle; includeInIndex = 0; path = FirstIOSAppTests.xctest; sourceTree = BUILT_PRODUCTS_DIR; };
		FECC91CA1D99608D008F87E4 /* FirstIOSAppTests.swift */ = {isa = PBXFileReference; lastKnownFileType = sourcecode.swift; path = FirstIOSAppTests.swift; sourceTree = "<group>"; };
		FECC91CC1D99608D008F87E4 /* Info.plist */ = {isa = PBXFileReference; lastKnownFileType = text.plist.xml; path = Info.plist; sourceTree = "<group>"; };
		FECC91D11D99608D008F87E4 /* FirstIOSAppUITests.xctest */ = {isa = PBXFileReference; explicitFileType = wrapper.cfbundle; includeInIndex = 0; path = FirstIOSAppUITests.xctest; sourceTree = BUILT_PRODUCTS_DIR; };
		FECC91D51D99608D008F87E4 /* FirstIOSAppUITests.swift */ = {isa = PBXFileReference; lastKnownFileType = sourcecode.swift; path = FirstIOSAppUITests.swift; sourceTree = "<group>"; };
		FECC91D71D99608D008F87E4 /* Info.plist */ = {isa = PBXFileReference; lastKnownFileType = text.plist.xml; path = Info.plist; sourceTree = "<group>"; };
/* End PBXFileReference section */

/* Begin PBXFrameworksBuildPhase section */
		FECC91AF1D99608D008F87E4 /* Frameworks */ = {
			isa = PBXFrameworksBuildPhase;
			buildActionMask = 2147483647;
			files = (
			);
			runOnlyForDeploymentPostprocessing = 0;
		};
		FECC91C31D99608D008F87E4 /* Frameworks */ = {
			isa = PBXFrameworksBuildPhase;
			buildActionMask = 2147483647;
			files = (
			);
			runOnlyForDeploymentPostprocessing = 0;
		};
		FECC91CE1D99608D008F87E4 /* Frameworks */ = {
			isa = PBXFrameworksBuildPhase;
			buildActionMask = 2147483647;
			files = (
			);
			runOnlyForDeploymentPostprocessing = 0;
		};
/* End PBXFrameworksBuildPhase section */

/* Begin PBXGroup section */
		FECC91A91D99608C008F87E4 = {
			isa = PBXGroup;
			children = (
				FECC91B41D99608D008F87E4 /* FirstIOSApp */,
				FECC91C91D99608D008F87E4 /* FirstIOSAppTests */,
				FECC91D41D99608D008F87E4 /* FirstIOSAppUITests */,
				FECC91B31D99608D008F87E4 /* Products */,
			);
			sourceTree = "<group>";
		};
		FECC91B31D99608D008F87E4 /* Products */ = {
			isa = PBXGroup;
			children = (
				FECC91B21D99608D008F87E4 /* FirstIOSApp.app */,
				FECC91C61D99608D008F87E4 /* FirstIOSAppTests.xctest */,
				FECC91D11D99608D008F87E4 /* FirstIOSAppUITests.xctest */,
			);
			name = Products;
			sourceTree = "<group>";
		};
		FECC91B41D99608D008F87E4 /* FirstIOSApp */ = {
			isa = PBXGroup;
			children = (
				FECC91B51D99608D008F87E4 /* AppDelegate.swift */,
				FECC91B71D99608D008F87E4 /* ViewController.swift */,
				FECC91B91D99608D008F87E4 /* Main.storyboard */,
				FECC91BC1D99608D008F87E4 /* Assets.xcassets */,
				FECC91BE1D99608D008F87E4 /* LaunchScreen.storyboard */,
				FECC91C11D99608D008F87E4 /* Info.plist */,
			);
			path = FirstIOSApp;
			sourceTree = "<group>";
		};
		FECC91C91D99608D008F87E4 /* FirstIOSAppTests */ = {
			isa = PBXGroup;
			children = (
				FECC91CA1D99608D008F87E4 /* FirstIOSAppTests.swift */,
				FECC91CC1D99608D008F87E4 /* Info.plist */,
			);
			path = FirstIOSAppTests;
			sourceTree = "<group>";
		};
		FECC91D41D99608D008F87E4 /* FirstIOSAppUITests */ = {
			isa = PBXGroup;
			children = (
				FECC91D51D99608D008F87E4 /* FirstIOSAppUITests.swift */,
				FECC91D71D99608D008F87E4 /* Info.plist */,
			);
			path = FirstIOSAppUITests;
			sourceTree = "<group>";
		};
/* End PBXGroup section */

/* Begin PBXNativeTarget section */
		FECC91B11D99608D008F87E4 /* FirstIOSApp */ = {
			isa = PBXNativeTarget;
			buildConfigurationList = FECC91DA1D99608D008F87E4 /* Build configuration list for PBXNativeTarget "FirstIOSApp" */;
			buildPhases = (
				FECC91AE1D99608D008F87E4 /* Sources */,
				FECC91AF1D99608D008F87E4 /* Frameworks */,
				FECC91B01D99608D008F87E4 /* Resources */,
			);
			buildRules = (
			);
			dependencies = (
			);
			name = FirstIOSApp;
			productName = FirstIOSApp;
			productReference = FECC91B21D99608D008F87E4 /* FirstIOSApp.app */;
			productType = "com.apple.product-type.application";
		};
		FECC91C51D99608D008F87E4 /* FirstIOSAppTests */ = {
			isa = PBXNativeTarget;
			buildConfigurationList = FECC91DD1D99608D008F87E4 /* Build configuration list for PBXNativeTarget "FirstIOSAppTests" */;
			buildPhases = (
				FECC91C21D99608D008F87E4 /* Sources */,
				FECC91C31D99608D008F87E4 /* Frameworks */,
				FECC91C41D99608D008F87E4 /* Resources */,
			);
			buildRules = (
			);
			dependencies = (
				FECC91C81D99608D008F87E4 /* PBXTargetDependency */,
			);
			name = FirstIOSAppTests;
			productName = FirstIOSAppTests;
			productReference = FECC91C61D99608D008F87E4 /* FirstIOSAppTests.xctest */;
			productType = "com.apple.product-type.bundle.unit-test";
		};
		FECC91D01D99608D008F87E4 /* FirstIOSAppUITests */ = {
			isa = PBXNativeTarget;
			buildConfigurationList = FECC91E01D99608D008F87E4 /* Build configuration list for PBXNativeTarget "FirstIOSAppUITests" */;
			buildPhases = (
				FECC91CD1D99608D008F87E4 /* Sources */,
				FECC91CE1D99608D008F87E4 /* Frameworks */,
				FECC91CF1D99608D008F87E4 /* Resources */,
			);
			buildRules = (
			);
			dependencies = (
				FECC91D31D99608D008F87E4 /* PBXTargetDependency */,
			);
			name = FirstIOSAppUITests;
			productName = FirstIOSAppUITests;
			productReference = FECC91D11D99608D008F87E4 /* FirstIOSAppUITests.xctest */;
			productType = "com.apple.product-type.bundle.ui-testing";
		};
/* End PBXNativeTarget section */

/* Begin PBXProject section */
		FECC91AA1D99608C008F87E4 /* Project object */ = {
			isa = PBXProject;
			attributes = {
				LastSwiftUpdateCheck = 0720;
				LastUpgradeCheck = 0720;
				ORGANIZATIONNAME = "Nazir, Ammar";
				TargetAttributes = {
					FECC91B11D99608D008F87E4 = {
						CreatedOnToolsVersion = 7.2;
					};
					FECC91C51D99608D008F87E4 = {
						CreatedOnToolsVersion = 7.2;
						TestTargetID = FECC91B11D99608D008F87E4;
					};
					FECC91D01D99608D008F87E4 = {
						CreatedOnToolsVersion = 7.2;
						TestTargetID = FECC91B11D99608D008F87E4;
					};
				};
			};
			buildConfigurationList = FECC91AD1D99608C008F87E4 /* Build configuration list for PBXProject "FirstIOSApp" */;
			compatibilityVersion = "Xcode 3.2";
			developmentRegion = English;
			hasScannedForEncodings = 0;
			knownRegions = (
				en,
				Base,
			);
			mainGroup = FECC91A91D99608C008F87E4;
			productRefGroup = FECC91B31D99608D008F87E4 /* Products */;
			projectDirPath = "";
			projectRoot = "";
			targets = (
				FECC91B11D99608D008F87E4 /* FirstIOSApp */,
				FECC91C51D99608D008F87E4 /* FirstIOSAppTests */,
				FECC91D01D99608D008F87E4 /* FirstIOSAppUITests */,
			);
		};
/* End PBXProject section */

/* Begin PBXResourcesBuildPhase section */
		FECC91B01D99608D008F87E4 /* Resources */ = {
			isa = PBXResourcesBuildPhase;
			buildActionMask = 2147483647;
			files = (
				FECC91C01D99608D008F87E4 /* LaunchScreen.storyboard in Resources */,
				FECC91BD1D99608D008F87E4 /* Assets.xcassets in Resources */,
				FECC91BB1D99608D008F87E4 /* Main.storyboard in Resources */,
			);
			runOnlyForDeploymentPostprocessing = 0;
		};
		FECC91C41D99608D008F87E4 /* Resources */ = {
			isa = PBXResourcesBuildPhase;
			buildActionMask = 2147483647;
			files = (
			);
			runOnlyForDeploymentPostprocessing = 0;
		};
		FECC91CF1D99608D008F87E4 /* Resources */ = {
			isa = PBXResourcesBuildPhase;
			buildActionMask = 2147483647;
			files = (
			);
			runOnlyForDeploymentPostprocessing = 0;
		};
/* End PBXResourcesBuildPhase section */

/* Begin PBXSourcesBuildPhase section */
		FECC91AE1D99608D008F87E4 /* Sources */ = {
			isa = PBXSourcesBuildPhase;
			buildActionMask = 2147483647;
			files = (
				FECC91B81D99608D008F87E4 /* ViewController.swift in Sources */,
				FECC91B61D99608D008F87E4 /* AppDelegate.swift in Sources */,
			);
			runOnlyForDeploymentPostprocessing = 0;
		};
		FECC91C21D99608D008F87E4 /* Sources */ = {
			isa = PBXSourcesBuildPhase;
			buildActionMask = 2147483647;
			files = (
				FECC91CB1D99608D008F87E4 /* FirstIOSAppTests.swift in Sources */,
			);
			runOnlyForDeploymentPostprocessing = 0;
		};
		FECC91CD1D99608D008F87E4 /* Sources */ = {
			isa = PBXSourcesBuildPhase;
			buildActionMask = 2147483647;
			files = (
				FECC91D61D99608D008F87E4 /* FirstIOSAppUITests.swift in Sources */,
			);
			runOnlyForDeploymentPostprocessing = 0;
		};
/* End PBXSourcesBuildPhase section */

/* Begin PBXTargetDependency section */
		FECC91C81D99608D008F87E4 /* PBXTargetDependency */ = {
			isa = PBXTargetDependency;
			target = FECC91B11D99608D008F87E4 /* FirstIOSApp */;
			targetProxy = FECC91C71D99608D008F87E4 /* PBXContainerItemProxy */;
		};
		FECC91D31D99608D008F87E4 /* PBXTargetDependency */ = {
			isa = PBXTargetDependency;
			target = FECC91B11D99608D008F87E4 /* FirstIOSApp */;
			targetProxy = FECC91D21D99608D008F87E4 /* PBXContainerItemProxy */;
		};
/* End PBXTargetDependency section */

/* Begin PBXVariantGroup section */
		FECC91B91D99608D008F87E4 /* Main.storyboard */ = {
			isa = PBXVariantGroup;
			children = (
				FECC91BA1D99608D008F87E4 /* Base */,
			);
			name = Main.storyboard;
			sourceTree = "<group>";
		};
		FECC91BE1D99608D008F87E4 /* LaunchScreen.storyboard */ = {
			isa = PBXVariantGroup;
			children = (
				FECC91BF1D99608D008F87E4 /* Base */,
			);
			name = LaunchScreen.storyboard;
			sourceTree = "<group>";
		};
/* End PBXVariantGroup section */

/* Begin XCBuildConfiguration section */
		FECC91D81D99608D008F87E4 /* Debug */ = {
			isa = XCBuildConfiguration;
			buildSettings = {
				ALWAYS_SEARCH_USER_PATHS = NO;
				CLANG_CXX_LANGUAGE_STANDARD = "gnu++0x";
				CLANG_CXX_LIBRARY = "libc++";
				CLANG_ENABLE_MODULES = YES;
				CLANG_ENABLE_OBJC_ARC = YES;
				CLANG_WARN_BOOL_CONVERSION = YES;
				CLANG_WARN_CONSTANT_CONVERSION = YES;
				CLANG_WARN_DIRECT_OBJC_ISA_USAGE = YES_ERROR;
				CLANG_WARN_EMPTY_BODY = YES;
				CLANG_WARN_ENUM_CONVERSION = YES;
				CLANG_WARN_INT_CONVERSION = YES;
				CLANG_WARN_OBJC_ROOT_CLASS = YES_ERROR;
				CLANG_WARN_UNREACHABLE_CODE = YES;
				CLANG_WARN__DUPLICATE_METHOD_MATCH = YES;
				"CODE_SIGN_IDENTITY[sdk=iphoneos*]" = "iPhone Developer";
				COPY_PHASE_STRIP = NO;
				DEBUG_INFORMATION_FORMAT = dwarf;
				ENABLE_STRICT_OBJC_MSGSEND = YES;
				ENABLE_TESTABILITY = YES;
				GCC_C_LANGUAGE_STANDARD = gnu99;
				GCC_DYNAMIC_NO_PIC = NO;
				GCC_NO_COMMON_BLOCKS = YES;
				GCC_OPTIMIZATION_LEVEL = 0;
				GCC_PREPROCESSOR_DEFINITIONS = (
					"DEBUG=1",
					"$(inherited)",
				);
				GCC_WARN_64_TO_32_BIT_CONVERSION = YES;
				GCC_WARN_ABOUT_RETURN_TYPE = YES_ERROR;
				GCC_WARN_UNDECLARED_SELECTOR = YES;
				GCC_WARN_UNINITIALIZED_AUTOS = YES_AGGRESSIVE;
				GCC_WARN_UNUSED_FUNCTION = YES;
				GCC_WARN_UNUSED_VARIABLE = YES;
				IPHONEOS_DEPLOYMENT_TARGET = 9.2;
				MTL_ENABLE_DEBUG_INFO = YES;
				ONLY_ACTIVE_ARCH = YES;
				SDKROOT = iphoneos;
				SWIFT_OPTIMIZATION_LEVEL = "-Onone";
				TARGETED_DEVICE_FAMILY = "1,2";
			};
			name = Debug;
		};
		FECC91D91D99608D008F87E4 /* Release */ = {
			isa = XCBuildConfiguration;
			buildSettings = {
				ALWAYS_SEARCH_USER_PATHS = NO;
				CLANG_CXX_LANGUAGE_STANDARD = "gnu++0x";
				CLANG_CXX_LIBRARY = "libc++";
				CLANG_ENABLE_MODULES = YES;
				CLANG_ENABLE_OBJC_ARC = YES;
				CLANG_WARN_BOOL_CONVERSION = YES;
				CLANG_WARN_CONSTANT_CONVERSION = YES;
				CLANG_WARN_DIRECT_OBJC_ISA_USAGE = YES_ERROR;
				CLANG_WARN_EMPTY_BODY = YES;
				CLANG_WARN_ENUM_CONVERSION = YES;
				CLANG_WARN_INT_CONVERSION = YES;
				CLANG_WARN_OBJC_ROOT_CLASS = YES_ERROR;
				CLANG_WARN_UNREACHABLE_CODE = YES;
				CLANG_WARN__DUPLICATE_METHOD_MATCH = YES;
				"CODE_SIGN_IDENTITY[sdk=iphoneos*]" = "iPhone Developer";
				COPY_PHASE_STRIP = NO;
				DEBUG_INFORMATION_FORMAT = "dwarf-with-dsym";
				ENABLE_NS_ASSERTIONS = NO;
				ENABLE_STRICT_OBJC_MSGSEND = YES;
				GCC_C_LANGUAGE_STANDARD = gnu99;
				GCC_NO_COMMON_BLOCKS = YES;
				GCC_WARN_64_TO_32_BIT_CONVERSION = YES;
				GCC_WARN_ABOUT_RETURN_TYPE = YES_ERROR;
				GCC_WARN_UNDECLARED_SELECTOR = YES;
				GCC_WARN_UNINITIALIZED_AUTOS = YES_AGGRESSIVE;
				GCC_WARN_UNUSED_FUNCTION = YES;
				GCC_WARN_UNUSED_VARIABLE = YES;
				IPHONEOS_DEPLOYMENT_TARGET = 9.2;
				MTL_ENABLE_DEBUG_INFO = NO;
				SDKROOT = iphoneos;
				TARGETED_DEVICE_FAMILY = "1,2";
				VALIDATE_PRODUCT = YES;
			};
			name = Release;
		};
		FECC91DB1D99608D008F87E4 /* Debug */ = {
			isa = XCBuildConfiguration;
			buildSettings = {
				ASSETCATALOG_COMPILER_APPICON_NAME = AppIcon;
				INFOPLIST_FILE = FirstIOSApp/Info.plist;
				LD_RUNPATH_SEARCH_PATHS = "$(inherited) @executable_path/Frameworks";
				PRODUCT_BUNDLE_IDENTIFIER = "Nazir--Ammar.FirstIOSApp";
				PRODUCT_NAME = "$(TARGET_NAME)";
			};
			name = Debug;
		};
		FECC91DC1D99608D008F87E4 /* Release */ = {
			isa = XCBuildConfiguration;
			buildSettings = {
				ASSETCATALOG_COMPILER_APPICON_NAME = AppIcon;
				INFOPLIST_FILE = FirstIOSApp/Info.plist;
				LD_RUNPATH_SEARCH_PATHS = "$(inherited) @executable_path/Frameworks";
				PRODUCT_BUNDLE_IDENTIFIER = "Nazir--Ammar.FirstIOSApp";
				PRODUCT_NAME = "$(TARGET_NAME)";
			};
			name = Release;
		};
		FECC91DE1D99608D008F87E4 /* Debug */ = {
			isa = XCBuildConfiguration;
			buildSettings = {
				BUNDLE_LOADER = "$(TEST_HOST)";
				INFOPLIST_FILE = FirstIOSAppTests/Info.plist;
				LD_RUNPATH_SEARCH_PATHS = "$(inherited) @executable_path/Frameworks @loader_path/Frameworks";
				PRODUCT_BUNDLE_IDENTIFIER = "Nazir--Ammar.FirstIOSAppTests";
				PRODUCT_NAME = "$(TARGET_NAME)";
				TEST_HOST = "$(BUILT_PRODUCTS_DIR)/FirstIOSApp.app/FirstIOSApp";
			};
			name = Debug;
		};
		FECC91DF1D99608D008F87E4 /* Release */ = {
			isa = XCBuildConfiguration;
			buildSettings = {
				BUNDLE_LOADER = "$(TEST_HOST)";
				INFOPLIST_FILE = FirstIOSAppTests/Info.plist;
				LD_RUNPATH_SEARCH_PATHS = "$(inherited) @executable_path/Frameworks @loader_path/Frameworks";
				PRODUCT_BUNDLE_IDENTIFIER = "Nazir--Ammar.FirstIOSAppTests";
				PRODUCT_NAME = "$(TARGET_NAME)";
				TEST_HOST = "$(BUILT_PRODUCTS_DIR)/FirstIOSApp.app/FirstIOSApp";
			};
			name = Release;
		};
		FECC91E11D99608D008F87E4 /* Debug */ = {
			isa = XCBuildConfiguration;
			buildSettings = {
				INFOPLIST_FILE = FirstIOSAppUITests/Info.plist;
				LD_RUNPATH_SEARCH_PATHS = "$(inherited) @executable_path/Frameworks @loader_path/Frameworks";
				PRODUCT_BUNDLE_IDENTIFIER = "Nazir--Ammar.FirstIOSAppUITests";
				PRODUCT_NAME = "$(TARGET_NAME)";
				TEST_TARGET_NAME = FirstIOSApp;
				USES_XCTRUNNER = YES;
			};
			name = Debug;
		};
		FECC91E21D99608D008F87E4 /* Release */ = {
			isa = XCBuildConfiguration;
			buildSettings = {
				INFOPLIST_FILE = FirstIOSAppUITests/Info.plist;
				LD_RUNPATH_SEARCH_PATHS = "$(inherited) @executable_path/Frameworks @loader_path/Frameworks";
				PRODUCT_BUNDLE_IDENTIFIER = "Nazir--Ammar.FirstIOSAppUITests";
				PRODUCT_NAME = "$(TARGET_NAME)";
				TEST_TARGET_NAME = FirstIOSApp;
				USES_XCTRUNNER = YES;
			};
			name = Release;
		};
/* End XCBuildConfiguration section */

/* Begin XCConfigurationList section */
		FECC91AD1D99608C008F87E4 /* Build configuration list for PBXProject "FirstIOSApp" */ = {
			isa = XCConfigurationList;
			buildConfigurations = (
				FECC91D81D99608D008F87E4 /* Debug */,
				FECC91D91D99608D008F87E4 /* Release */,
			);
			defaultConfigurationIsVisible = 0;
			defaultConfigurationName = Release;
		};
		FECC91DA1D99608D008F87E4 /* Build configuration list for PBXNativeTarget "FirstIOSApp" */ = {
			isa = XCConfigurationList;
			buildConfigurations = (
				FECC91DB1D99608D008F87E4 /* Debug */,
				FECC91DC1D99608D008F87E4 /* Release */,
			);
			defaultConfigurationIsVisible = 0;
		};
		FECC91DD1D99608D008F87E4 /* Build configuration list for PBXNativeTarget "FirstIOSAppTests" */ = {
			isa = XCConfigurationList;
			buildConfigurations = (
				FECC91DE1D99608D008F87E4 /* Debug */,
				FECC91DF1D99608D008F87E4 /* Release */,
			);
			defaultConfigurationIsVisible = 0;
		};
		FECC91E01D99608D008F87E4 /* Build configuration list for PBXNativeTarget "FirstIOSAppUITests" */ = {
			isa = XCConfigurationList;
			buildConfigurations = (
				FECC91E11D99608D008F87E4 /* Debug */,
				FECC91E21D99608D008F87E4 /* Release */,
			);
			defaultConfigurationIsVisible = 0;
		};
/* End XCConfigurationList section */
	};
	rootObject = FECC91AA1D99608C008F87E4 /* Project object */;
}
